{
  "name": "server",
  "version": "1.0.0",
  "lockfileVersion": 3,
  "requires": true,
  "license": "ISC",
  "main": "server.js",
  "type": "module",
  "packages": {
    "": {
      "name": "server",
      "version": "1.0.0",
      "license": "ISC",
      "dependencies": {
        "@supabase/supabase-js": "^2.57.4",
        "bcrypt": "^6.0.0",
        "cors": "^2.8.5",
        "express": "^5.1.0",
        "jsonwebtoken": "^9.0.2",
        "pg": "^8.16.3",
        "sharp": "^0.34.3"
      }
    }
  }
}
